
Microsoft Visual Studio Solution File, Format Version 12.00
# Visual Studio Version 17
VisualStudioVersion = 17.0.31903.59
MinimumVisualStudioVersion = 10.0.40219.1
Project("{2150E333-8FDC-42A3-9474-1A3956D46DE8}") = "src", "src", "{977AC7BD-F444-4941-9AB5-090026803B25}"
EndProject
Project("{FAE04EC0-301F-11D3-BF4B-00C04F79EFBC}") = "MacEstimator.App", "src\MacEstimator.App\MacEstimator.App.csproj", "{74C6B14A-0BF2-472B-8CDB-C20AEDDB872B}"
EndProject
Global
	GlobalSection(SolutionConfigurationPlatforms) = preSolution
		Debug|Any CPU = Debug|Any CPU
		Release|Any CPU = Release|Any CPU
	EndGlobalSection
	GlobalSection(SolutionProperties) = preSolution
		HideSolutionNode = FALSE
	EndGlobalSection
	GlobalSection(ProjectConfigurationPlatforms) = postSolution
		{74C6B14A-0BF2-472B-8CDB-C20AEDDB872B}.Debug|Any CPU.ActiveCfg = Debug|Any CPU
		{74C6B14A-0BF2-472B-8CDB-C20AEDDB872B}.Debug|Any CPU.Build.0 = Debug|Any CPU
		{74C6B14A-0BF2-472B-8CDB-C20AEDDB872B}.Release|Any CPU.ActiveCfg = Release|Any CPU
		{74C6B14A-0BF2-472B-8CDB-C20AEDDB872B}.Release|Any CPU.Build.0 = Release|Any CPU
	EndGlobalSection
	GlobalSection(NestedProjects) = preSolution
		{74C6B14A-0BF2-472B-8CDB-C20AEDDB872B} = {977AC7BD-F444-4941-9AB5-090026803B25}
	EndGlobalSection
EndGlobal
